# This file is automatically @generated by Cargo.
# It is not intended for manual editing.
version = 4

[[package]]
name = "dot"
version = "26.1.0-alpha"

[[package]]
name = "dot_db"
version = "26.1.0-alpha"

[[package]]
name = "dot_dsl"
version = "26.1.0-alpha"

[[package]]
name = "dot_ops"
version = "26.1.0-alpha"

[[package]]
name = "dot_rt"
version = "26.1.0-alpha"

[[package]]
name = "dot_sec"
version = "26.1.0-alpha"

[[package]]
name = "dot_vm"
version = "26.1.0-alpha"
